
Microsoft Visual Studio Solution File, Format Version 12.00
# Visual Studio Version 17
VisualStudioVersion = 17.10.35122.118
MinimumVisualStudioVersion = 10.0.40219.1
Project("{9A19103F-16F7-4668-BE54-9A1E7A4F7556}") = "Grosbin.Games.KlondikeSolitaire.Tests", "Ksu.Cis300.KlondikeSolitaire.Tests\Grosbin.Games.KlondikeSolitaire.Tests.csproj", "{D0A5A7CD-4D13-43B3-A34E-FAD40F63BF2F}"
EndProject
Project("{9A19103F-16F7-4668-BE54-9A1E7A4F7556}") = "Grosbin.Games.KlondikeSolitaire", "Grosbin.Games.KlondikeSolitaire\Grosbin.Games.KlondikeSolitaire.csproj", "{D05B4E3E-F48B-42D3-9FF8-1BDE261CF844}"
EndProject
Global
	GlobalSection(SolutionConfigurationPlatforms) = preSolution
		Debug|Any CPU = Debug|Any CPU
		Release|Any CPU = Release|Any CPU
	EndGlobalSection
	GlobalSection(ProjectConfigurationPlatforms) = postSolution
		{D0A5A7CD-4D13-43B3-A34E-FAD40F63BF2F}.Debug|Any CPU.ActiveCfg = Debug|Any CPU
		{D0A5A7CD-4D13-43B3-A34E-FAD40F63BF2F}.Debug|Any CPU.Build.0 = Debug|Any CPU
		{D0A5A7CD-4D13-43B3-A34E-FAD40F63BF2F}.Release|Any CPU.ActiveCfg = Release|Any CPU
		{D0A5A7CD-4D13-43B3-A34E-FAD40F63BF2F}.Release|Any CPU.Build.0 = Release|Any CPU
		{D05B4E3E-F48B-42D3-9FF8-1BDE261CF844}.Debug|Any CPU.ActiveCfg = Debug|Any CPU
		{D05B4E3E-F48B-42D3-9FF8-1BDE261CF844}.Debug|Any CPU.Build.0 = Debug|Any CPU
		{D05B4E3E-F48B-42D3-9FF8-1BDE261CF844}.Release|Any CPU.ActiveCfg = Release|Any CPU
		{D05B4E3E-F48B-42D3-9FF8-1BDE261CF844}.Release|Any CPU.Build.0 = Release|Any CPU
	EndGlobalSection
	GlobalSection(SolutionProperties) = preSolution
		HideSolutionNode = FALSE
	EndGlobalSection
	GlobalSection(ExtensibilityGlobals) = postSolution
		SolutionGuid = {FB86F8FF-D042-4208-B4C1-9C33DDE46F83}
	EndGlobalSection
EndGlobal
